// !$*UTF8*$!
{
	archiveVersion = 1;
	classes = {
	};
	objectVersion = 46;
	objects = {

/* Begin PBXBuildFile section */
		C926859F16215C5500D4EB54 /* CxFile.h in Headers */ = {isa = PBXBuildFile; fileRef = C926859E16215C5500D4EB54 /* CxFile.h */; };
		C92685A416215C6800D4EB54 /* CxImage.h in Headers */ = {isa = PBXBuildFile; fileRef = C92685A116215C6800D4EB54 /* CxImage.h */; };
		C92685A516215C6800D4EB54 /* CxIOFile.h in Headers */ = {isa = PBXBuildFile; fileRef = C92685A216215C6800D4EB54 /* CxIOFile.h */; };
		C92685A616215C6800D4EB54 /* CxMemFile.h in Headers */ = {isa = PBXBuildFile; fileRef = C92685A316215C6800D4EB54 /* CxMemFile.h */; };
		C92685A816215C8600D4EB54 /* CImageIterator.h in Headers */ = {isa = PBXBuildFile; fileRef = C92685A716215C8600D4EB54 /* CImageIterator.h */; };
		C92685CA1621667300D4EB54 /* ximabmp.cpp in Sources */ = {isa = PBXBuildFile; fileRef = C92685AA1621667300D4EB54 /* ximabmp.cpp */; };
		C92685CB1621667300D4EB54 /* ximabmp.h in Headers */ = {isa = PBXBuildFile; fileRef = C92685AB1621667300D4EB54 /* ximabmp.h */; };
		C92685CC1621667300D4EB54 /* ximagif.cpp in Sources */ = {isa = PBXBuildFile; fileRef = C92685AC1621667300D4EB54 /* ximagif.cpp */; };
		C92685CD1621667300D4EB54 /* ximagif.h in Headers */ = {isa = PBXBuildFile; fileRef = C92685AD1621667300D4EB54 /* ximagif.h */; };
		C92685CE1621667300D4EB54 /* ximaico.cpp in Sources */ = {isa = PBXBuildFile; fileRef = C92685AE1621667300D4EB54 /* ximaico.cpp */; };
		C92685CF1621667300D4EB54 /* ximaico.h in Headers */ = {isa = PBXBuildFile; fileRef = C92685AF1621667300D4EB54 /* ximaico.h */; };
		C92685D01621667300D4EB54 /* ximajas.cpp in Sources */ = {isa = PBXBuildFile; fileRef = C92685B01621667300D4EB54 /* ximajas.cpp */; };
		C92685D11621667300D4EB54 /* ximajas.h in Headers */ = {isa = PBXBuildFile; fileRef = C92685B11621667300D4EB54 /* ximajas.h */; };
		C92685D21621667300D4EB54 /* ximajbg.cpp in Sources */ = {isa = PBXBuildFile; fileRef = C92685B21621667300D4EB54 /* ximajbg.cpp */; };
		C92685D31621667300D4EB54 /* ximajbg.h in Headers */ = {isa = PBXBuildFile; fileRef = C92685B31621667300D4EB54 /* ximajbg.h */; };
		C92685D41621667300D4EB54 /* ximajpg.cpp in Sources */ = {isa = PBXBuildFile; fileRef = C92685B41621667300D4EB54 /* ximajpg.cpp */; };
		C92685D51621667300D4EB54 /* ximajpg.h in Headers */ = {isa = PBXBuildFile; fileRef = C92685B51621667300D4EB54 /* ximajpg.h */; };
		C92685D61621667300D4EB54 /* ximamng.cpp in Sources */ = {isa = PBXBuildFile; fileRef = C92685B61621667300D4EB54 /* ximamng.cpp */; };
		C92685D71621667300D4EB54 /* ximamng.h in Headers */ = {isa = PBXBuildFile; fileRef = C92685B71621667300D4EB54 /* ximamng.h */; };
		C92685D81621667300D4EB54 /* ximapcx.cpp in Sources */ = {isa = PBXBuildFile; fileRef = C92685B81621667300D4EB54 /* ximapcx.cpp */; };
		C92685D91621667300D4EB54 /* ximapcx.h in Headers */ = {isa = PBXBuildFile; fileRef = C92685B91621667300D4EB54 /* ximapcx.h */; };
		C92685DA1621667300D4EB54 /* ximapng.cpp in Sources */ = {isa = PBXBuildFile; fileRef = C92685BA1621667300D4EB54 /* ximapng.cpp */; };
		C92685DB1621667300D4EB54 /* ximapng.h in Headers */ = {isa = PBXBuildFile; fileRef = C92685BB1621667300D4EB54 /* ximapng.h */; };
		C92685DC1621667300D4EB54 /* ximapsd.cpp in Sources */ = {isa = PBXBuildFile; fileRef = C92685BC1621667300D4EB54 /* ximapsd.cpp */; };
		C92685DD1621667300D4EB54 /* ximapsd.h in Headers */ = {isa = PBXBuildFile; fileRef = C92685BD1621667300D4EB54 /* ximapsd.h */; };
		C92685DE1621667300D4EB54 /* ximaraw.cpp in Sources */ = {isa = PBXBuildFile; fileRef = C92685BE1621667300D4EB54 /* ximaraw.cpp */; };
		C92685DF1621667300D4EB54 /* ximaraw.h in Headers */ = {isa = PBXBuildFile; fileRef = C92685BF1621667300D4EB54 /* ximaraw.h */; };
		C92685E01621667300D4EB54 /* ximaska.cpp in Sources */ = {isa = PBXBuildFile; fileRef = C92685C01621667300D4EB54 /* ximaska.cpp */; };
		C92685E11621667300D4EB54 /* ximaska.h in Headers */ = {isa = PBXBuildFile; fileRef = C92685C11621667300D4EB54 /* ximaska.h */; };
		C92685E21621667300D4EB54 /* ximatga.cpp in Sources */ = {isa = PBXBuildFile; fileRef = C92685C21621667300D4EB54 /* ximatga.cpp */; };
		C92685E31621667300D4EB54 /* ximatga.h in Headers */ = {isa = PBXBuildFile; fileRef = C92685C31621667300D4EB54 /* ximatga.h */; };
		C92685E41621667300D4EB54 /* ximatif.cpp in Sources */ = {isa = PBXBuildFile; fileRef = C92685C41621667300D4EB54 /* ximatif.cpp */; };
		C92685E51621667300D4EB54 /* ximatif.h in Headers */ = {isa = PBXBuildFile; fileRef = C92685C51621667300D4EB54 /* ximatif.h */; };
		C92685E61621667300D4EB54 /* ximawbmp.cpp in Sources */ = {isa = PBXBuildFile; fileRef = C92685C61621667300D4EB54 /* ximawbmp.cpp */; };
		C92685E71621667300D4EB54 /* ximawbmp.h in Headers */ = {isa = PBXBuildFile; fileRef = C92685C71621667300D4EB54 /* ximawbmp.h */; };
		C92685E81621667300D4EB54 /* ximawmf.cpp in Sources */ = {isa = PBXBuildFile; fileRef = C92685C81621667300D4EB54 /* ximawmf.cpp */; };
		C92685E91621667300D4EB54 /* ximawmf.h in Headers */ = {isa = PBXBuildFile; fileRef = C92685C91621667300D4EB54 /* ximawmf.h */; };
		C92685EC1621F2D400D4EB54 /* CxMath.cpp in Sources */ = {isa = PBXBuildFile; fileRef = C92685EA1621F2D300D4EB54 /* CxMath.cpp */; };
		C92685ED1621F2D400D4EB54 /* CxMath.h in Headers */ = {isa = PBXBuildFile; fileRef = C92685EB1621F2D400D4EB54 /* CxMath.h */; };
		C92689AE162212CC00D4EB54 /* CxConfig.h in Headers */ = {isa = PBXBuildFile; fileRef = C92689AC162212CB00D4EB54 /* CxConfig.h */; };
		C92689AF162212CC00D4EB54 /* CxDefines.h in Headers */ = {isa = PBXBuildFile; fileRef = C92689AD162212CC00D4EB54 /* CxDefines.h */; };
		C935CA6C1612A6EF00C72CD1 /* Types.h in Headers */ = {isa = PBXBuildFile; fileRef = C935CA6B1612A6EE00C72CD1 /* Types.h */; };
		C9CA7ADA1650742500192514 /* main.cpp in Sources */ = {isa = PBXBuildFile; fileRef = C9CA7AD91650742500192514 /* main.cpp */; };
		C9CA7ADC1650742500192514 /* cppimage_tests.1 in CopyFiles */ = {isa = PBXBuildFile; fileRef = C9CA7ADB1650742500192514 /* cppimage_tests.1 */; };
		C9CA7AE0165075E900192514 /* source.cpp in Sources */ = {isa = PBXBuildFile; fileRef = C9CA7AB816506FC000192514 /* source.cpp */; };
		C9CA7AE1165075E900192514 /* suite.cpp in Sources */ = {isa = PBXBuildFile; fileRef = C9CA7AB916506FC000192514 /* suite.cpp */; };
		C9CA7AE2165075E900192514 /* textoutput.cpp in Sources */ = {isa = PBXBuildFile; fileRef = C9CA7ABA16506FC000192514 /* textoutput.cpp */; };
		C9CA7AE3165075E900192514 /* time.cpp in Sources */ = {isa = PBXBuildFile; fileRef = C9CA7ABB16506FC000192514 /* time.cpp */; };
		C9CA7AE4165075E900192514 /* utils.cpp in Sources */ = {isa = PBXBuildFile; fileRef = C9CA7ABC16506FC000192514 /* utils.cpp */; };
		C9CA7AE5165075EE00192514 /* htmloutput.cpp in Sources */ = {isa = PBXBuildFile; fileRef = C9CA7AB316506FC000192514 /* htmloutput.cpp */; };
		C9CA7AE6165075EE00192514 /* missing.cpp in Sources */ = {isa = PBXBuildFile; fileRef = C9CA7AB616506FC000192514 /* missing.cpp */; };
		C9CA7AE7165075F300192514 /* collectoroutput.cpp in Sources */ = {isa = PBXBuildFile; fileRef = C9CA7AA716506FC000192514 /* collectoroutput.cpp */; };
		C9CA7AE8165075F300192514 /* compileroutput.cpp in Sources */ = {isa = PBXBuildFile; fileRef = C9CA7AA816506FC000192514 /* compileroutput.cpp */; };
		C9FA107A16102B9E0010C75D /* tif_xfile.cpp in Sources */ = {isa = PBXBuildFile; fileRef = C9FA104216102B9E0010C75D /* tif_xfile.cpp */; };
		C9FA108016102B9E0010C75D /* ximadsp.cpp in Sources */ = {isa = PBXBuildFile; fileRef = C9FA104816102B9E0010C75D /* ximadsp.cpp */; };
		C9FA108116102B9E0010C75D /* ximaenc.cpp in Sources */ = {isa = PBXBuildFile; fileRef = C9FA104916102B9E0010C75D /* ximaenc.cpp */; };
		C9FA108216102B9E0010C75D /* ximaexif.cpp in Sources */ = {isa = PBXBuildFile; fileRef = C9FA104A16102B9E0010C75D /* ximaexif.cpp */; };
		C9FA108316102B9E0010C75D /* ximage.cpp in Sources */ = {isa = PBXBuildFile; fileRef = C9FA104B16102B9E0010C75D /* ximage.cpp */; };
		C9FA108716102B9E0010C75D /* ximahist.cpp in Sources */ = {isa = PBXBuildFile; fileRef = C9FA104F16102B9E0010C75D /* ximahist.cpp */; };
		C9FA108A16102B9E0010C75D /* ximainfo.cpp in Sources */ = {isa = PBXBuildFile; fileRef = C9FA105216102B9E0010C75D /* ximainfo.cpp */; };
		C9FA108B16102B9E0010C75D /* ximaint.cpp in Sources */ = {isa = PBXBuildFile; fileRef = C9FA105316102B9E0010C75D /* ximaint.cpp */; };
		C9FA109316102B9E0010C75D /* ximalpha.cpp in Sources */ = {isa = PBXBuildFile; fileRef = C9FA105B16102B9E0010C75D /* ximalpha.cpp */; };
		C9FA109416102B9E0010C75D /* ximalyr.cpp in Sources */ = {isa = PBXBuildFile; fileRef = C9FA105C16102B9E0010C75D /* ximalyr.cpp */; };
		C9FA109716102B9E0010C75D /* ximapal.cpp in Sources */ = {isa = PBXBuildFile; fileRef = C9FA105F16102B9E0010C75D /* ximapal.cpp */; };
		C9FA10A016102B9E0010C75D /* ximasel.cpp in Sources */ = {isa = PBXBuildFile; fileRef = C9FA106816102B9E0010C75D /* ximasel.cpp */; };
		C9FA10A916102B9E0010C75D /* ximatran.cpp in Sources */ = {isa = PBXBuildFile; fileRef = C9FA107116102B9E0010C75D /* ximatran.cpp */; };
		C9FA10AE16102B9E0010C75D /* ximawnd.cpp in Sources */ = {isa = PBXBuildFile; fileRef = C9FA107616102B9E0010C75D /* ximawnd.cpp */; };
/* End PBXBuildFile section */

/* Begin PBXCopyFilesBuildPhase section */
		C9CA7AD41650742500192514 /* CopyFiles */ = {
			isa = PBXCopyFilesBuildPhase;
			buildActionMask = 2147483647;
			dstPath = /usr/share/man/man1/;
			dstSubfolderSpec = 0;
			files = (
				C9CA7ADC1650742500192514 /* cppimage_tests.1 in CopyFiles */,
			);
			runOnlyForDeploymentPostprocessing = 1;
		};
/* End PBXCopyFilesBuildPhase section */

/* Begin PBXFileReference section */
		C926859E16215C5500D4EB54 /* CxFile.h */ = {isa = PBXFileReference; fileEncoding = 4; lastKnownFileType = sourcecode.c.h; name = CxFile.h; path = Source/cppimage/CxFile.h; sourceTree = "<group>"; };
		C92685A116215C6800D4EB54 /* CxImage.h */ = {isa = PBXFileReference; fileEncoding = 4; lastKnownFileType = sourcecode.c.h; name = CxImage.h; path = Source/cppimage/CxImage.h; sourceTree = "<group>"; };
		C92685A216215C6800D4EB54 /* CxIOFile.h */ = {isa = PBXFileReference; fileEncoding = 4; lastKnownFileType = sourcecode.c.h; name = CxIOFile.h; path = Source/cppimage/CxIOFile.h; sourceTree = "<group>"; };
		C92685A316215C6800D4EB54 /* CxMemFile.h */ = {isa = PBXFileReference; fileEncoding = 4; lastKnownFileType = sourcecode.c.h; name = CxMemFile.h; path = Source/cppimage/CxMemFile.h; sourceTree = "<group>"; };
		C92685A716215C8600D4EB54 /* CImageIterator.h */ = {isa = PBXFileReference; fileEncoding = 4; lastKnownFileType = sourcecode.c.h; name = CImageIterator.h; path = Source/cppimage/CImageIterator.h; sourceTree = "<group>"; };
		C92685AA1621667300D4EB54 /* ximabmp.cpp */ = {isa = PBXFileReference; fileEncoding = 4; lastKnownFileType = sourcecode.cpp.cpp; path = ximabmp.cpp; sourceTree = "<group>"; };
		C92685AB1621667300D4EB54 /* ximabmp.h */ = {isa = PBXFileReference; fileEncoding = 4; lastKnownFileType = sourcecode.c.h; path = ximabmp.h; sourceTree = "<group>"; };
		C92685AC1621667300D4EB54 /* ximagif.cpp */ = {isa = PBXFileReference; fileEncoding = 4; lastKnownFileType = sourcecode.cpp.cpp; path = ximagif.cpp; sourceTree = "<group>"; };
		C92685AD1621667300D4EB54 /* ximagif.h */ = {isa = PBXFileReference; fileEncoding = 4; lastKnownFileType = sourcecode.c.h; path = ximagif.h; sourceTree = "<group>"; };
		C92685AE1621667300D4EB54 /* ximaico.cpp */ = {isa = PBXFileReference; fileEncoding = 4; lastKnownFileType = sourcecode.cpp.cpp; path = ximaico.cpp; sourceTree = "<group>"; };
		C92685AF1621667300D4EB54 /* ximaico.h */ = {isa = PBXFileReference; fileEncoding = 4; lastKnownFileType = sourcecode.c.h; path = ximaico.h; sourceTree = "<group>"; };
		C92685B01621667300D4EB54 /* ximajas.cpp */ = {isa = PBXFileReference; fileEncoding = 4; lastKnownFileType = sourcecode.cpp.cpp; path = ximajas.cpp; sourceTree = "<group>"; };
		C92685B11621667300D4EB54 /* ximajas.h */ = {isa = PBXFileReference; fileEncoding = 4; lastKnownFileType = sourcecode.c.h; path = ximajas.h; sourceTree = "<group>"; };
		C92685B21621667300D4EB54 /* ximajbg.cpp */ = {isa = PBXFileReference; fileEncoding = 4; lastKnownFileType = sourcecode.cpp.cpp; path = ximajbg.cpp; sourceTree = "<group>"; };
		C92685B31621667300D4EB54 /* ximajbg.h */ = {isa = PBXFileReference; fileEncoding = 4; lastKnownFileType = sourcecode.c.h; path = ximajbg.h; sourceTree = "<group>"; };
		C92685B41621667300D4EB54 /* ximajpg.cpp */ = {isa = PBXFileReference; fileEncoding = 4; lastKnownFileType = sourcecode.cpp.cpp; path = ximajpg.cpp; sourceTree = "<group>"; };
		C92685B51621667300D4EB54 /* ximajpg.h */ = {isa = PBXFileReference; fileEncoding = 4; lastKnownFileType = sourcecode.c.h; path = ximajpg.h; sourceTree = "<group>"; };
		C92685B61621667300D4EB54 /* ximamng.cpp */ = {isa = PBXFileReference; fileEncoding = 4; lastKnownFileType = sourcecode.cpp.cpp; path = ximamng.cpp; sourceTree = "<group>"; };
		C92685B71621667300D4EB54 /* ximamng.h */ = {isa = PBXFileReference; fileEncoding = 4; lastKnownFileType = sourcecode.c.h; path = ximamng.h; sourceTree = "<group>"; };
		C92685B81621667300D4EB54 /* ximapcx.cpp */ = {isa = PBXFileReference; fileEncoding = 4; lastKnownFileType = sourcecode.cpp.cpp; path = ximapcx.cpp; sourceTree = "<group>"; };
		C92685B91621667300D4EB54 /* ximapcx.h */ = {isa = PBXFileReference; fileEncoding = 4; lastKnownFileType = sourcecode.c.h; path = ximapcx.h; sourceTree = "<group>"; };
		C92685BA1621667300D4EB54 /* ximapng.cpp */ = {isa = PBXFileReference; fileEncoding = 4; lastKnownFileType = sourcecode.cpp.cpp; path = ximapng.cpp; sourceTree = "<group>"; };
		C92685BB1621667300D4EB54 /* ximapng.h */ = {isa = PBXFileReference; fileEncoding = 4; lastKnownFileType = sourcecode.c.h; path = ximapng.h; sourceTree = "<group>"; };
		C92685BC1621667300D4EB54 /* ximapsd.cpp */ = {isa = PBXFileReference; fileEncoding = 4; lastKnownFileType = sourcecode.cpp.cpp; path = ximapsd.cpp; sourceTree = "<group>"; };
		C92685BD1621667300D4EB54 /* ximapsd.h */ = {isa = PBXFileReference; fileEncoding = 4; lastKnownFileType = sourcecode.c.h; path = ximapsd.h; sourceTree = "<group>"; };
		C92685BE1621667300D4EB54 /* ximaraw.cpp */ = {isa = PBXFileReference; fileEncoding = 4; lastKnownFileType = sourcecode.cpp.cpp; path = ximaraw.cpp; sourceTree = "<group>"; };
		C92685BF1621667300D4EB54 /* ximaraw.h */ = {isa = PBXFileReference; fileEncoding = 4; lastKnownFileType = sourcecode.c.h; path = ximaraw.h; sourceTree = "<group>"; };
		C92685C01621667300D4EB54 /* ximaska.cpp */ = {isa = PBXFileReference; fileEncoding = 4; lastKnownFileType = sourcecode.cpp.cpp; path = ximaska.cpp; sourceTree = "<group>"; };
		C92685C11621667300D4EB54 /* ximaska.h */ = {isa = PBXFileReference; fileEncoding = 4; lastKnownFileType = sourcecode.c.h; path = ximaska.h; sourceTree = "<group>"; };
		C92685C21621667300D4EB54 /* ximatga.cpp */ = {isa = PBXFileReference; fileEncoding = 4; lastKnownFileType = sourcecode.cpp.cpp; path = ximatga.cpp; sourceTree = "<group>"; };
		C92685C31621667300D4EB54 /* ximatga.h */ = {isa = PBXFileReference; fileEncoding = 4; lastKnownFileType = sourcecode.c.h; path = ximatga.h; sourceTree = "<group>"; };
		C92685C41621667300D4EB54 /* ximatif.cpp */ = {isa = PBXFileReference; fileEncoding = 4; lastKnownFileType = sourcecode.cpp.cpp; path = ximatif.cpp; sourceTree = "<group>"; };
		C92685C51621667300D4EB54 /* ximatif.h */ = {isa = PBXFileReference; fileEncoding = 4; lastKnownFileType = sourcecode.c.h; path = ximatif.h; sourceTree = "<group>"; };
		C92685C61621667300D4EB54 /* ximawbmp.cpp */ = {isa = PBXFileReference; fileEncoding = 4; lastKnownFileType = sourcecode.cpp.cpp; path = ximawbmp.cpp; sourceTree = "<group>"; };
		C92685C71621667300D4EB54 /* ximawbmp.h */ = {isa = PBXFileReference; fileEncoding = 4; lastKnownFileType = sourcecode.c.h; path = ximawbmp.h; sourceTree = "<group>"; };
		C92685C81621667300D4EB54 /* ximawmf.cpp */ = {isa = PBXFileReference; fileEncoding = 4; lastKnownFileType = sourcecode.cpp.cpp; path = ximawmf.cpp; sourceTree = "<group>"; };
		C92685C91621667300D4EB54 /* ximawmf.h */ = {isa = PBXFileReference; fileEncoding = 4; lastKnownFileType = sourcecode.c.h; path = ximawmf.h; sourceTree = "<group>"; };
		C92685EA1621F2D300D4EB54 /* CxMath.cpp */ = {isa = PBXFileReference; fileEncoding = 4; lastKnownFileType = sourcecode.cpp.cpp; name = CxMath.cpp; path = Source/cppimage/CxMath.cpp; sourceTree = "<group>"; };
		C92685EB1621F2D400D4EB54 /* CxMath.h */ = {isa = PBXFileReference; fileEncoding = 4; lastKnownFileType = sourcecode.c.h; name = CxMath.h; path = Source/cppimage/CxMath.h; sourceTree = "<group>"; };
		C92689AC162212CB00D4EB54 /* CxConfig.h */ = {isa = PBXFileReference; fileEncoding = 4; lastKnownFileType = sourcecode.c.h; name = CxConfig.h; path = Source/cppimage/CxConfig.h; sourceTree = "<group>"; };
		C92689AD162212CC00D4EB54 /* CxDefines.h */ = {isa = PBXFileReference; fileEncoding = 4; lastKnownFileType = sourcecode.c.h; name = CxDefines.h; path = Source/cppimage/CxDefines.h; sourceTree = "<group>"; };
		C935CA6B1612A6EE00C72CD1 /* Types.h */ = {isa = PBXFileReference; fileEncoding = 4; lastKnownFileType = sourcecode.c.h; name = Types.h; path = Source/cppimage/Types.h; sourceTree = "<group>"; };
		C984972C164ECEC600F7F2B4 /* TestCxDefines.h */ = {isa = PBXFileReference; fileEncoding = 4; lastKnownFileType = sourcecode.c.h; path = TestCxDefines.h; sourceTree = "<group>"; };
		C9CA7AA716506FC000192514 /* collectoroutput.cpp */ = {isa = PBXFileReference; fileEncoding = 4; lastKnownFileType = sourcecode.cpp.cpp; path = collectoroutput.cpp; sourceTree = "<group>"; };
		C9CA7AA816506FC000192514 /* compileroutput.cpp */ = {isa = PBXFileReference; fileEncoding = 4; lastKnownFileType = sourcecode.cpp.cpp; path = compileroutput.cpp; sourceTree = "<group>"; };
		C9CA7AA916506FC000192514 /* cpptest-assert.h */ = {isa = PBXFileReference; fileEncoding = 4; lastKnownFileType = sourcecode.c.h; path = "cpptest-assert.h"; sourceTree = "<group>"; };
		C9CA7AAA16506FC000192514 /* cpptest-collectoroutput.h */ = {isa = PBXFileReference; fileEncoding = 4; lastKnownFileType = sourcecode.c.h; path = "cpptest-collectoroutput.h"; sourceTree = "<group>"; };
		C9CA7AAB16506FC000192514 /* cpptest-compileroutput.h */ = {isa = PBXFileReference; fileEncoding = 4; lastKnownFileType = sourcecode.c.h; path = "cpptest-compileroutput.h"; sourceTree = "<group>"; };
		C9CA7AAC16506FC000192514 /* cpptest-htmloutput.h */ = {isa = PBXFileReference; fileEncoding = 4; lastKnownFileType = sourcecode.c.h; path = "cpptest-htmloutput.h"; sourceTree = "<group>"; };
		C9CA7AAD16506FC000192514 /* cpptest-output.h */ = {isa = PBXFileReference; fileEncoding = 4; lastKnownFileType = sourcecode.c.h; path = "cpptest-output.h"; sourceTree = "<group>"; };
		C9CA7AAE16506FC000192514 /* cpptest-source.h */ = {isa = PBXFileReference; fileEncoding = 4; lastKnownFileType = sourcecode.c.h; path = "cpptest-source.h"; sourceTree = "<group>"; };
		C9CA7AAF16506FC000192514 /* cpptest-suite.h */ = {isa = PBXFileReference; fileEncoding = 4; lastKnownFileType = sourcecode.c.h; path = "cpptest-suite.h"; sourceTree = "<group>"; };
		C9CA7AB016506FC000192514 /* cpptest-textoutput.h */ = {isa = PBXFileReference; fileEncoding = 4; lastKnownFileType = sourcecode.c.h; path = "cpptest-textoutput.h"; sourceTree = "<group>"; };
		C9CA7AB116506FC000192514 /* cpptest-time.h */ = {isa = PBXFileReference; fileEncoding = 4; lastKnownFileType = sourcecode.c.h; path = "cpptest-time.h"; sourceTree = "<group>"; };
		C9CA7AB216506FC000192514 /* cpptest.h */ = {isa = PBXFileReference; fileEncoding = 4; lastKnownFileType = sourcecode.c.h; path = cpptest.h; sourceTree = "<group>"; };
		C9CA7AB316506FC000192514 /* htmloutput.cpp */ = {isa = PBXFileReference; fileEncoding = 4; lastKnownFileType = sourcecode.cpp.cpp; path = htmloutput.cpp; sourceTree = "<group>"; };
		C9CA7AB616506FC000192514 /* missing.cpp */ = {isa = PBXFileReference; fileEncoding = 4; lastKnownFileType = sourcecode.cpp.cpp; path = missing.cpp; sourceTree = "<group>"; };
		C9CA7AB716506FC000192514 /* missing.h */ = {isa = PBXFileReference; fileEncoding = 4; lastKnownFileType = sourcecode.c.h; path = missing.h; sourceTree = "<group>"; };
		C9CA7AB816506FC000192514 /* source.cpp */ = {isa = PBXFileReference; fileEncoding = 4; lastKnownFileType = sourcecode.cpp.cpp; path = source.cpp; sourceTree = "<group>"; };
		C9CA7AB916506FC000192514 /* suite.cpp */ = {isa = PBXFileReference; fileEncoding = 4; lastKnownFileType = sourcecode.cpp.cpp; path = suite.cpp; sourceTree = "<group>"; };
		C9CA7ABA16506FC000192514 /* textoutput.cpp */ = {isa = PBXFileReference; fileEncoding = 4; lastKnownFileType = sourcecode.cpp.cpp; path = textoutput.cpp; sourceTree = "<group>"; };
		C9CA7ABB16506FC000192514 /* time.cpp */ = {isa = PBXFileReference; fileEncoding = 4; lastKnownFileType = sourcecode.cpp.cpp; path = time.cpp; sourceTree = "<group>"; };
		C9CA7ABC16506FC000192514 /* utils.cpp */ = {isa = PBXFileReference; fileEncoding = 4; lastKnownFileType = sourcecode.cpp.cpp; path = utils.cpp; sourceTree = "<group>"; };
		C9CA7ABD16506FC000192514 /* utils.h */ = {isa = PBXFileReference; fileEncoding = 4; lastKnownFileType = sourcecode.c.h; path = utils.h; sourceTree = "<group>"; };
		C9CA7AC7165071AC00192514 /* config.h */ = {isa = PBXFileReference; fileEncoding = 4; lastKnownFileType = sourcecode.c.h; name = config.h; path = cppimage_tests/CPPTest/config/config.h; sourceTree = SOURCE_ROOT; };
		C9CA7AD61650742500192514 /* cppimage_tests */ = {isa = PBXFileReference; explicitFileType = "compiled.mach-o.executable"; includeInIndex = 0; path = cppimage_tests; sourceTree = BUILT_PRODUCTS_DIR; };
		C9CA7AD91650742500192514 /* main.cpp */ = {isa = PBXFileReference; lastKnownFileType = sourcecode.cpp.cpp; path = main.cpp; sourceTree = "<group>"; };
		C9CA7ADB1650742500192514 /* cppimage_tests.1 */ = {isa = PBXFileReference; lastKnownFileType = text.man; path = cppimage_tests.1; sourceTree = "<group>"; };
		C9FA0F541610296F0010C75D /* libcppimage.a */ = {isa = PBXFileReference; explicitFileType = archive.ar; includeInIndex = 0; path = libcppimage.a; sourceTree = BUILT_PRODUCTS_DIR; };
		C9FA104216102B9E0010C75D /* tif_xfile.cpp */ = {isa = PBXFileReference; fileEncoding = 4; lastKnownFileType = sourcecode.cpp.cpp; name = tif_xfile.cpp; path = ../tif_xfile.cpp; sourceTree = "<group>"; };
		C9FA104816102B9E0010C75D /* ximadsp.cpp */ = {isa = PBXFileReference; fileEncoding = 4; lastKnownFileType = sourcecode.cpp.cpp; name = ximadsp.cpp; path = Source/cppimage/ximadsp.cpp; sourceTree = "<group>"; };
		C9FA104916102B9E0010C75D /* ximaenc.cpp */ = {isa = PBXFileReference; fileEncoding = 4; lastKnownFileType = sourcecode.cpp.cpp; name = ximaenc.cpp; path = Source/cppimage/ximaenc.cpp; sourceTree = "<group>"; };
		C9FA104A16102B9E0010C75D /* ximaexif.cpp */ = {isa = PBXFileReference; fileEncoding = 4; lastKnownFileType = sourcecode.cpp.cpp; name = ximaexif.cpp; path = Source/cppimage/ximaexif.cpp; sourceTree = "<group>"; };
		C9FA104B16102B9E0010C75D /* ximage.cpp */ = {isa = PBXFileReference; fileEncoding = 4; lastKnownFileType = sourcecode.cpp.cpp; name = ximage.cpp; path = Source/cppimage/ximage.cpp; sourceTree = "<group>"; };
		C9FA104F16102B9E0010C75D /* ximahist.cpp */ = {isa = PBXFileReference; fileEncoding = 4; lastKnownFileType = sourcecode.cpp.cpp; name = ximahist.cpp; path = Source/cppimage/ximahist.cpp; sourceTree = "<group>"; };
		C9FA105216102B9E0010C75D /* ximainfo.cpp */ = {isa = PBXFileReference; fileEncoding = 4; lastKnownFileType = sourcecode.cpp.cpp; name = ximainfo.cpp; path = Source/cppimage/ximainfo.cpp; sourceTree = "<group>"; };
		C9FA105316102B9E0010C75D /* ximaint.cpp */ = {isa = PBXFileReference; fileEncoding = 4; lastKnownFileType = sourcecode.cpp.cpp; name = ximaint.cpp; path = Source/cppimage/ximaint.cpp; sourceTree = "<group>"; };
		C9FA105B16102B9E0010C75D /* ximalpha.cpp */ = {isa = PBXFileReference; fileEncoding = 4; lastKnownFileType = sourcecode.cpp.cpp; name = ximalpha.cpp; path = Source/cppimage/ximalpha.cpp; sourceTree = "<group>"; };
		C9FA105C16102B9E0010C75D /* ximalyr.cpp */ = {isa = PBXFileReference; fileEncoding = 4; lastKnownFileType = sourcecode.cpp.cpp; name = ximalyr.cpp; path = Source/cppimage/ximalyr.cpp; sourceTree = "<group>"; };
		C9FA105F16102B9E0010C75D /* ximapal.cpp */ = {isa = PBXFileReference; fileEncoding = 4; lastKnownFileType = sourcecode.cpp.cpp; name = ximapal.cpp; path = Source/cppimage/ximapal.cpp; sourceTree = "<group>"; };
		C9FA106816102B9E0010C75D /* ximasel.cpp */ = {isa = PBXFileReference; fileEncoding = 4; lastKnownFileType = sourcecode.cpp.cpp; name = ximasel.cpp; path = Source/cppimage/ximasel.cpp; sourceTree = "<group>"; };
		C9FA107116102B9E0010C75D /* ximatran.cpp */ = {isa = PBXFileReference; fileEncoding = 4; lastKnownFileType = sourcecode.cpp.cpp; name = ximatran.cpp; path = Source/cppimage/ximatran.cpp; sourceTree = "<group>"; };
		C9FA107616102B9E0010C75D /* ximawnd.cpp */ = {isa = PBXFileReference; fileEncoding = 4; lastKnownFileType = sourcecode.cpp.cpp; name = ximawnd.cpp; path = Source/cppimage/ximawnd.cpp; sourceTree = "<group>"; };
/* End PBXFileReference section */

/* Begin PBXFrameworksBuildPhase section */
		C9CA7AD31650742500192514 /* Frameworks */ = {
			isa = PBXFrameworksBuildPhase;
			buildActionMask = 2147483647;
			files = (
			);
			runOnlyForDeploymentPostprocessing = 0;
		};
		C9FA0F511610296F0010C75D /* Frameworks */ = {
			isa = PBXFrameworksBuildPhase;
			buildActionMask = 2147483647;
			files = (
			);
			runOnlyForDeploymentPostprocessing = 0;
		};
/* End PBXFrameworksBuildPhase section */

/* Begin PBXGroup section */
		C92685A91621667300D4EB54 /* Format Specific */ = {
			isa = PBXGroup;
			children = (
				C9FA104216102B9E0010C75D /* tif_xfile.cpp */,
				C92685AA1621667300D4EB54 /* ximabmp.cpp */,
				C92685AB1621667300D4EB54 /* ximabmp.h */,
				C92685AC1621667300D4EB54 /* ximagif.cpp */,
				C92685AD1621667300D4EB54 /* ximagif.h */,
				C92685AE1621667300D4EB54 /* ximaico.cpp */,
				C92685AF1621667300D4EB54 /* ximaico.h */,
				C92685B01621667300D4EB54 /* ximajas.cpp */,
				C92685B11621667300D4EB54 /* ximajas.h */,
				C92685B21621667300D4EB54 /* ximajbg.cpp */,
				C92685B31621667300D4EB54 /* ximajbg.h */,
				C92685B41621667300D4EB54 /* ximajpg.cpp */,
				C92685B51621667300D4EB54 /* ximajpg.h */,
				C92685B61621667300D4EB54 /* ximamng.cpp */,
				C92685B71621667300D4EB54 /* ximamng.h */,
				C92685B81621667300D4EB54 /* ximapcx.cpp */,
				C92685B91621667300D4EB54 /* ximapcx.h */,
				C92685BA1621667300D4EB54 /* ximapng.cpp */,
				C92685BB1621667300D4EB54 /* ximapng.h */,
				C92685BC1621667300D4EB54 /* ximapsd.cpp */,
				C92685BD1621667300D4EB54 /* ximapsd.h */,
				C92685BE1621667300D4EB54 /* ximaraw.cpp */,
				C92685BF1621667300D4EB54 /* ximaraw.h */,
				C92685C01621667300D4EB54 /* ximaska.cpp */,
				C92685C11621667300D4EB54 /* ximaska.h */,
				C92685C21621667300D4EB54 /* ximatga.cpp */,
				C92685C31621667300D4EB54 /* ximatga.h */,
				C92685C41621667300D4EB54 /* ximatif.cpp */,
				C92685C51621667300D4EB54 /* ximatif.h */,
				C92685C61621667300D4EB54 /* ximawbmp.cpp */,
				C92685C71621667300D4EB54 /* ximawbmp.h */,
				C92685C81621667300D4EB54 /* ximawmf.cpp */,
				C92685C91621667300D4EB54 /* ximawmf.h */,
			);
			name = "Format Specific";
			path = Source/cppimage/formatSpecific;
			sourceTree = "<group>";
		};
		C92685EE1622074900D4EB54 /* Source */ = {
			isa = PBXGroup;
			children = (
				C92685A91621667300D4EB54 /* Format Specific */,
				C92689AC162212CB00D4EB54 /* CxConfig.h */,
				C92689AD162212CC00D4EB54 /* CxDefines.h */,
				C92685EA1621F2D300D4EB54 /* CxMath.cpp */,
				C9FA104816102B9E0010C75D /* ximadsp.cpp */,
				C9FA104916102B9E0010C75D /* ximaenc.cpp */,
				C9FA104A16102B9E0010C75D /* ximaexif.cpp */,
				C9FA104B16102B9E0010C75D /* ximage.cpp */,
				C9FA104F16102B9E0010C75D /* ximahist.cpp */,
				C9FA105216102B9E0010C75D /* ximainfo.cpp */,
				C9FA105316102B9E0010C75D /* ximaint.cpp */,
				C9FA105B16102B9E0010C75D /* ximalpha.cpp */,
				C9FA105C16102B9E0010C75D /* ximalyr.cpp */,
				C9FA105F16102B9E0010C75D /* ximapal.cpp */,
				C9FA106816102B9E0010C75D /* ximasel.cpp */,
				C9FA107116102B9E0010C75D /* ximatran.cpp */,
				C9FA107616102B9E0010C75D /* ximawnd.cpp */,
				C92685A716215C8600D4EB54 /* CImageIterator.h */,
				C926859E16215C5500D4EB54 /* CxFile.h */,
				C92685A116215C6800D4EB54 /* CxImage.h */,
				C92685A216215C6800D4EB54 /* CxIOFile.h */,
				C92685EB1621F2D400D4EB54 /* CxMath.h */,
				C92685A316215C6800D4EB54 /* CxMemFile.h */,
				C935CA6B1612A6EE00C72CD1 /* Types.h */,
			);
			name = Source;
			sourceTree = "<group>";
		};
		C92689B01622156600D4EB54 /* Frameworks */ = {
			isa = PBXGroup;
			children = (
			);
			name = Frameworks;
			sourceTree = "<group>";
		};
		C984971D164B6F8300F7F2B4 /* Tests */ = {
			isa = PBXGroup;
			children = (
				C9CA7AA616506FC000192514 /* CPPTest */,
				C984972B164B771A00F7F2B4 /* App */,
				C984972C164ECEC600F7F2B4 /* TestCxDefines.h */,
			);
			name = Tests;
			path = cppimage_tests;
			sourceTree = "<group>";
		};
		C984972B164B771A00F7F2B4 /* App */ = {
			isa = PBXGroup;
			children = (
				C9CA7AD91650742500192514 /* main.cpp */,
				C9CA7ADB1650742500192514 /* cppimage_tests.1 */,
			);
			name = App;
			sourceTree = "<group>";
		};
		C9CA7AA616506FC000192514 /* CPPTest */ = {
			isa = PBXGroup;
			children = (
				C9CA7AC7165071AC00192514 /* config.h */,
				C9CA7AA716506FC000192514 /* collectoroutput.cpp */,
				C9CA7AA816506FC000192514 /* compileroutput.cpp */,
				C9CA7AA916506FC000192514 /* cpptest-assert.h */,
				C9CA7AAA16506FC000192514 /* cpptest-collectoroutput.h */,
				C9CA7AAB16506FC000192514 /* cpptest-compileroutput.h */,
				C9CA7AAC16506FC000192514 /* cpptest-htmloutput.h */,
				C9CA7AAD16506FC000192514 /* cpptest-output.h */,
				C9CA7AAE16506FC000192514 /* cpptest-source.h */,
				C9CA7AAF16506FC000192514 /* cpptest-suite.h */,
				C9CA7AB016506FC000192514 /* cpptest-textoutput.h */,
				C9CA7AB116506FC000192514 /* cpptest-time.h */,
				C9CA7AB216506FC000192514 /* cpptest.h */,
				C9CA7AB316506FC000192514 /* htmloutput.cpp */,
				C9CA7AB616506FC000192514 /* missing.cpp */,
				C9CA7AB716506FC000192514 /* missing.h */,
				C9CA7AB816506FC000192514 /* source.cpp */,
				C9CA7AB916506FC000192514 /* suite.cpp */,
				C9CA7ABA16506FC000192514 /* textoutput.cpp */,
				C9CA7ABB16506FC000192514 /* time.cpp */,
				C9CA7ABC16506FC000192514 /* utils.cpp */,
				C9CA7ABD16506FC000192514 /* utils.h */,
			);
			name = CPPTest;
			path = CPPTest/src;
			sourceTree = "<group>";
		};
		C9CA7AD81650742500192514 /* cppimage_tests */ = {
			isa = PBXGroup;
			children = (
			);
			path = cppimage_tests;
			sourceTree = "<group>";
		};
		C9FA0F491610296F0010C75D = {
			isa = PBXGroup;
			children = (
				C92685EE1622074900D4EB54 /* Source */,
				C984971D164B6F8300F7F2B4 /* Tests */,
				C9CA7AD81650742500192514 /* cppimage_tests */,
				C92689B01622156600D4EB54 /* Frameworks */,
				C9FA0F551610296F0010C75D /* Products */,
			);
			sourceTree = "<group>";
		};
		C9FA0F551610296F0010C75D /* Products */ = {
			isa = PBXGroup;
			children = (
				C9FA0F541610296F0010C75D /* libcppimage.a */,
				C9CA7AD61650742500192514 /* cppimage_tests */,
			);
			name = Products;
			sourceTree = "<group>";
		};
/* End PBXGroup section */

/* Begin PBXHeadersBuildPhase section */
		C9FA0F521610296F0010C75D /* Headers */ = {
			isa = PBXHeadersBuildPhase;
			buildActionMask = 2147483647;
			files = (
				C935CA6C1612A6EF00C72CD1 /* Types.h in Headers */,
				C926859F16215C5500D4EB54 /* CxFile.h in Headers */,
				C92685A416215C6800D4EB54 /* CxImage.h in Headers */,
				C92685A516215C6800D4EB54 /* CxIOFile.h in Headers */,
				C92685A616215C6800D4EB54 /* CxMemFile.h in Headers */,
				C92685A816215C8600D4EB54 /* CImageIterator.h in Headers */,
				C92685CB1621667300D4EB54 /* ximabmp.h in Headers */,
				C92685CD1621667300D4EB54 /* ximagif.h in Headers */,
				C92685CF1621667300D4EB54 /* ximaico.h in Headers */,
				C92685D11621667300D4EB54 /* ximajas.h in Headers */,
				C92685D31621667300D4EB54 /* ximajbg.h in Headers */,
				C92685D51621667300D4EB54 /* ximajpg.h in Headers */,
				C92685D71621667300D4EB54 /* ximamng.h in Headers */,
				C92685D91621667300D4EB54 /* ximapcx.h in Headers */,
				C92685DB1621667300D4EB54 /* ximapng.h in Headers */,
				C92685DD1621667300D4EB54 /* ximapsd.h in Headers */,
				C92685DF1621667300D4EB54 /* ximaraw.h in Headers */,
				C92685E11621667300D4EB54 /* ximaska.h in Headers */,
				C92685E31621667300D4EB54 /* ximatga.h in Headers */,
				C92685E51621667300D4EB54 /* ximatif.h in Headers */,
				C92685E71621667300D4EB54 /* ximawbmp.h in Headers */,
				C92685E91621667300D4EB54 /* ximawmf.h in Headers */,
				C92685ED1621F2D400D4EB54 /* CxMath.h in Headers */,
				C92689AE162212CC00D4EB54 /* CxConfig.h in Headers */,
				C92689AF162212CC00D4EB54 /* CxDefines.h in Headers */,
			);
			runOnlyForDeploymentPostprocessing = 0;
		};
/* End PBXHeadersBuildPhase section */

/* Begin PBXNativeTarget section */
		C9CA7AD51650742500192514 /* cppimage_tests */ = {
			isa = PBXNativeTarget;
			buildConfigurationList = C9CA7ADD1650742500192514 /* Build configuration list for PBXNativeTarget "cppimage_tests" */;
			buildPhases = (
				C9CA7AD21650742500192514 /* Sources */,
				C9CA7AD31650742500192514 /* Frameworks */,
				C9CA7AD41650742500192514 /* CopyFiles */,
			);
			buildRules = (
			);
			dependencies = (
			);
			name = cppimage_tests;
			productName = cppimage_tests;
			productReference = C9CA7AD61650742500192514 /* cppimage_tests */;
			productType = "com.apple.product-type.tool";
		};
		C9FA0F531610296F0010C75D /* cppimage */ = {
			isa = PBXNativeTarget;
			buildConfigurationList = C9FA0F581610296F0010C75D /* Build configuration list for PBXNativeTarget "cppimage" */;
			buildPhases = (
				C9FA0F501610296F0010C75D /* Sources */,
				C9FA0F511610296F0010C75D /* Frameworks */,
				C9FA0F521610296F0010C75D /* Headers */,
			);
			buildRules = (
			);
			dependencies = (
			);
			name = cppimage;
			productName = cppimage;
			productReference = C9FA0F541610296F0010C75D /* libcppimage.a */;
			productType = "com.apple.product-type.library.static";
		};
/* End PBXNativeTarget section */

/* Begin PBXProject section */
		C9FA0F4B1610296F0010C75D /* Project object */ = {
			isa = PBXProject;
			attributes = {
				LastUpgradeCheck = 0440;
				ORGANIZATIONNAME = "Graham Pentheny";
			};
			buildConfigurationList = C9FA0F4E1610296F0010C75D /* Build configuration list for PBXProject "cppimage" */;
			compatibilityVersion = "Xcode 3.2";
			developmentRegion = English;
			hasScannedForEncodings = 0;
			knownRegions = (
				en,
			);
			mainGroup = C9FA0F491610296F0010C75D;
			productRefGroup = C9FA0F551610296F0010C75D /* Products */;
			projectDirPath = "";
			projectRoot = "";
			targets = (
				C9FA0F531610296F0010C75D /* cppimage */,
				C9CA7AD51650742500192514 /* cppimage_tests */,
			);
		};
/* End PBXProject section */

/* Begin PBXSourcesBuildPhase section */
		C9CA7AD21650742500192514 /* Sources */ = {
			isa = PBXSourcesBuildPhase;
			buildActionMask = 2147483647;
			files = (
				C9CA7ADA1650742500192514 /* main.cpp in Sources */,
				C9CA7AE0165075E900192514 /* source.cpp in Sources */,
				C9CA7AE1165075E900192514 /* suite.cpp in Sources */,
				C9CA7AE2165075E900192514 /* textoutput.cpp in Sources */,
				C9CA7AE3165075E900192514 /* time.cpp in Sources */,
				C9CA7AE4165075E900192514 /* utils.cpp in Sources */,
				C9CA7AE5165075EE00192514 /* htmloutput.cpp in Sources */,
				C9CA7AE6165075EE00192514 /* missing.cpp in Sources */,
				C9CA7AE7165075F300192514 /* collectoroutput.cpp in Sources */,
				C9CA7AE8165075F300192514 /* compileroutput.cpp in Sources */,
			);
			runOnlyForDeploymentPostprocessing = 0;
		};
		C9FA0F501610296F0010C75D /* Sources */ = {
			isa = PBXSourcesBuildPhase;
			buildActionMask = 2147483647;
			files = (
				C9FA107A16102B9E0010C75D /* tif_xfile.cpp in Sources */,
				C9FA108016102B9E0010C75D /* ximadsp.cpp in Sources */,
				C9FA108116102B9E0010C75D /* ximaenc.cpp in Sources */,
				C9FA108216102B9E0010C75D /* ximaexif.cpp in Sources */,
				C9FA108316102B9E0010C75D /* ximage.cpp in Sources */,
				C9FA108716102B9E0010C75D /* ximahist.cpp in Sources */,
				C9FA108A16102B9E0010C75D /* ximainfo.cpp in Sources */,
				C9FA108B16102B9E0010C75D /* ximaint.cpp in Sources */,
				C9FA109316102B9E0010C75D /* ximalpha.cpp in Sources */,
				C9FA109416102B9E0010C75D /* ximalyr.cpp in Sources */,
				C9FA109716102B9E0010C75D /* ximapal.cpp in Sources */,
				C9FA10A016102B9E0010C75D /* ximasel.cpp in Sources */,
				C9FA10A916102B9E0010C75D /* ximatran.cpp in Sources */,
				C9FA10AE16102B9E0010C75D /* ximawnd.cpp in Sources */,
				C92685CA1621667300D4EB54 /* ximabmp.cpp in Sources */,
				C92685CC1621667300D4EB54 /* ximagif.cpp in Sources */,
				C92685CE1621667300D4EB54 /* ximaico.cpp in Sources */,
				C92685D01621667300D4EB54 /* ximajas.cpp in Sources */,
				C92685D21621667300D4EB54 /* ximajbg.cpp in Sources */,
				C92685D41621667300D4EB54 /* ximajpg.cpp in Sources */,
				C92685D61621667300D4EB54 /* ximamng.cpp in Sources */,
				C92685D81621667300D4EB54 /* ximapcx.cpp in Sources */,
				C92685DA1621667300D4EB54 /* ximapng.cpp in Sources */,
				C92685DC1621667300D4EB54 /* ximapsd.cpp in Sources */,
				C92685DE1621667300D4EB54 /* ximaraw.cpp in Sources */,
				C92685E01621667300D4EB54 /* ximaska.cpp in Sources */,
				C92685E21621667300D4EB54 /* ximatga.cpp in Sources */,
				C92685E41621667300D4EB54 /* ximatif.cpp in Sources */,
				C92685E61621667300D4EB54 /* ximawbmp.cpp in Sources */,
				C92685E81621667300D4EB54 /* ximawmf.cpp in Sources */,
				C92685EC1621F2D400D4EB54 /* CxMath.cpp in Sources */,
			);
			runOnlyForDeploymentPostprocessing = 0;
		};
/* End PBXSourcesBuildPhase section */

/* Begin XCBuildConfiguration section */
		C9CA7ADE1650742500192514 /* Debug */ = {
			isa = XCBuildConfiguration;
			buildSettings = {
				LLVM_LTO = NO;
				PRODUCT_NAME = "$(TARGET_NAME)";
			};
			name = Debug;
		};
		C9CA7ADF1650742500192514 /* Release */ = {
			isa = XCBuildConfiguration;
			buildSettings = {
				LLVM_LTO = NO;
				PRODUCT_NAME = "$(TARGET_NAME)";
			};
			name = Release;
		};
		C9FA0F561610296F0010C75D /* Debug */ = {
			isa = XCBuildConfiguration;
			buildSettings = {
				ALWAYS_SEARCH_USER_PATHS = NO;
				ARCHS = "$(ARCHS_STANDARD_64_BIT)";
				CLANG_CXX_LANGUAGE_STANDARD = "c++0x";
				CLANG_CXX_LIBRARY = "libc++";
				CLANG_WARN_DEPRECATED_OBJC_IMPLEMENTATIONS = YES;
				CLANG_WARN_IMPLICIT_SIGN_CONVERSION = YES;
				CLANG_WARN_OBJCPP_ARC_ABI = YES;
				CLANG_WARN_OBJC_IMPLICIT_ATOMIC_PROPERTIES = YES;
				CLANG_WARN_OBJC_MISSING_PROPERTY_SYNTHESIS = YES;
				CLANG_WARN_OBJC_RECEIVER_WEAK = YES;
				CLANG_WARN_SUSPICIOUS_IMPLICIT_CONVERSION = YES;
				CLANG_WARN__DUPLICATE_METHOD_MATCH = YES;
				CLANG_WARN__EXIT_TIME_DESTRUCTORS = YES;
				COPY_PHASE_STRIP = NO;
				GCC_C_LANGUAGE_STANDARD = "compiler-default";
				GCC_DYNAMIC_NO_PIC = NO;
				GCC_ENABLE_OBJC_EXCEPTIONS = YES;
				GCC_OPTIMIZATION_LEVEL = 0;
				GCC_PREPROCESSOR_DEFINITIONS = (
					"DEBUG=1",
					"$(inherited)",
				);
				GCC_SYMBOLS_PRIVATE_EXTERN = NO;
				GCC_TREAT_IMPLICIT_FUNCTION_DECLARATIONS_AS_ERRORS = YES;
				GCC_TREAT_INCOMPATIBLE_POINTER_TYPE_WARNINGS_AS_ERRORS = YES;
				GCC_VERSION = com.apple.compilers.llvm.clang.1_0;
				GCC_WARN_64_TO_32_BIT_CONVERSION = YES;
				GCC_WARN_ABOUT_MISSING_FIELD_INITIALIZERS = YES;
				GCC_WARN_ABOUT_MISSING_NEWLINE = YES;
				GCC_WARN_ABOUT_MISSING_PROTOTYPES = YES;
				GCC_WARN_ABOUT_RETURN_TYPE = YES;
				GCC_WARN_FOUR_CHARACTER_CONSTANTS = YES;
				GCC_WARN_HIDDEN_VIRTUAL_FUNCTIONS = YES;
				GCC_WARN_INITIALIZER_NOT_FULLY_BRACKETED = YES;
				GCC_WARN_MULTIPLE_DEFINITION_TYPES_FOR_SELECTOR = YES;
				GCC_WARN_NON_VIRTUAL_DESTRUCTOR = YES;
				GCC_WARN_SHADOW = YES;
				GCC_WARN_SIGN_COMPARE = YES;
				GCC_WARN_STRICT_SELECTOR_MATCH = YES;
				GCC_WARN_UNDECLARED_SELECTOR = YES;
				GCC_WARN_UNINITIALIZED_AUTOS = YES;
				GCC_WARN_UNKNOWN_PRAGMAS = YES;
				GCC_WARN_UNUSED_FUNCTION = YES;
				GCC_WARN_UNUSED_LABEL = YES;
				GCC_WARN_UNUSED_PARAMETER = YES;
				GCC_WARN_UNUSED_VARIABLE = YES;
				LLVM_LTO = YES;
				MACOSX_DEPLOYMENT_TARGET = 10.8;
				ONLY_ACTIVE_ARCH = YES;
				SDKROOT = macosx;
			};
			name = Debug;
		};
		C9FA0F571610296F0010C75D /* Release */ = {
			isa = XCBuildConfiguration;
			buildSettings = {
				ALWAYS_SEARCH_USER_PATHS = NO;
				ARCHS = "$(ARCHS_STANDARD_64_BIT)";
				CLANG_CXX_LANGUAGE_STANDARD = "c++0x";
				CLANG_CXX_LIBRARY = "libc++";
				CLANG_WARN_DEPRECATED_OBJC_IMPLEMENTATIONS = YES;
				CLANG_WARN_IMPLICIT_SIGN_CONVERSION = YES;
				CLANG_WARN_OBJCPP_ARC_ABI = YES;
				CLANG_WARN_OBJC_IMPLICIT_ATOMIC_PROPERTIES = YES;
				CLANG_WARN_OBJC_MISSING_PROPERTY_SYNTHESIS = YES;
				CLANG_WARN_OBJC_RECEIVER_WEAK = YES;
				CLANG_WARN_SUSPICIOUS_IMPLICIT_CONVERSION = YES;
				CLANG_WARN__DUPLICATE_METHOD_MATCH = YES;
				CLANG_WARN__EXIT_TIME_DESTRUCTORS = YES;
				COPY_PHASE_STRIP = YES;
				DEBUG_INFORMATION_FORMAT = "dwarf-with-dsym";
				GCC_C_LANGUAGE_STANDARD = "compiler-default";
				GCC_ENABLE_OBJC_EXCEPTIONS = YES;
				GCC_TREAT_IMPLICIT_FUNCTION_DECLARATIONS_AS_ERRORS = YES;
				GCC_TREAT_INCOMPATIBLE_POINTER_TYPE_WARNINGS_AS_ERRORS = YES;
				GCC_VERSION = com.apple.compilers.llvm.clang.1_0;
				GCC_WARN_64_TO_32_BIT_CONVERSION = YES;
				GCC_WARN_ABOUT_MISSING_FIELD_INITIALIZERS = YES;
				GCC_WARN_ABOUT_MISSING_NEWLINE = YES;
				GCC_WARN_ABOUT_MISSING_PROTOTYPES = YES;
				GCC_WARN_ABOUT_RETURN_TYPE = YES;
				GCC_WARN_FOUR_CHARACTER_CONSTANTS = YES;
				GCC_WARN_HIDDEN_VIRTUAL_FUNCTIONS = YES;
				GCC_WARN_INITIALIZER_NOT_FULLY_BRACKETED = YES;
				GCC_WARN_MULTIPLE_DEFINITION_TYPES_FOR_SELECTOR = YES;
				GCC_WARN_NON_VIRTUAL_DESTRUCTOR = YES;
				GCC_WARN_SHADOW = YES;
				GCC_WARN_SIGN_COMPARE = YES;
				GCC_WARN_STRICT_SELECTOR_MATCH = YES;
				GCC_WARN_UNDECLARED_SELECTOR = YES;
				GCC_WARN_UNINITIALIZED_AUTOS = YES;
				GCC_WARN_UNKNOWN_PRAGMAS = YES;
				GCC_WARN_UNUSED_FUNCTION = YES;
				GCC_WARN_UNUSED_LABEL = YES;
				GCC_WARN_UNUSED_PARAMETER = YES;
				GCC_WARN_UNUSED_VARIABLE = YES;
				LLVM_LTO = YES;
				MACOSX_DEPLOYMENT_TARGET = 10.8;
				SDKROOT = macosx;
			};
			name = Release;
		};
		C9FA0F591610296F0010C75D /* Debug */ = {
			isa = XCBuildConfiguration;
			buildSettings = {
				EXECUTABLE_PREFIX = lib;
				PRODUCT_NAME = "$(TARGET_NAME)";
			};
			name = Debug;
		};
		C9FA0F5A1610296F0010C75D /* Release */ = {
			isa = XCBuildConfiguration;
			buildSettings = {
				EXECUTABLE_PREFIX = lib;
				PRODUCT_NAME = "$(TARGET_NAME)";
			};
			name = Release;
		};
/* End XCBuildConfiguration section */

/* Begin XCConfigurationList section */
		C9CA7ADD1650742500192514 /* Build configuration list for PBXNativeTarget "cppimage_tests" */ = {
			isa = XCConfigurationList;
			buildConfigurations = (
				C9CA7ADE1650742500192514 /* Debug */,
				C9CA7ADF1650742500192514 /* Release */,
			);
			defaultConfigurationIsVisible = 0;
		};
		C9FA0F4E1610296F0010C75D /* Build configuration list for PBXProject "cppimage" */ = {
			isa = XCConfigurationList;
			buildConfigurations = (
				C9FA0F561610296F0010C75D /* Debug */,
				C9FA0F571610296F0010C75D /* Release */,
			);
			defaultConfigurationIsVisible = 0;
			defaultConfigurationName = Release;
		};
		C9FA0F581610296F0010C75D /* Build configuration list for PBXNativeTarget "cppimage" */ = {
			isa = XCConfigurationList;
			buildConfigurations = (
				C9FA0F591610296F0010C75D /* Debug */,
				C9FA0F5A1610296F0010C75D /* Release */,
			);
			defaultConfigurationIsVisible = 0;
			defaultConfigurationName = Release;
		};
/* End XCConfigurationList section */
	};
	rootObject = C9FA0F4B1610296F0010C75D /* Project object */;
}
