// !$*UTF8*$!
{
	archiveVersion = 1;
	classes = {
	};
	objectVersion = 46;
	objects = {

/* Begin PBXBuildFile section */
		C926859F16215C5500D4EB54 /* CxFile.h in Headers */ = {isa = PBXBuildFile; fileRef = C926859E16215C5500D4EB54 /* CxFile.h */; };
		C92685A416215C6800D4EB54 /* CxImage.h in Headers */ = {isa = PBXBuildFile; fileRef = C92685A116215C6800D4EB54 /* CxImage.h */; };
		C92685A516215C6800D4EB54 /* CxIOFile.h in Headers */ = {isa = PBXBuildFile; fileRef = C92685A216215C6800D4EB54 /* CxIOFile.h */; };
		C92685A616215C6800D4EB54 /* CxMemFile.h in Headers */ = {isa = PBXBuildFile; fileRef = C92685A316215C6800D4EB54 /* CxMemFile.h */; };
		C92685A816215C8600D4EB54 /* CImageIterator.h in Headers */ = {isa = PBXBuildFile; fileRef = C92685A716215C8600D4EB54 /* CImageIterator.h */; };
		C92685CA1621667300D4EB54 /* ximabmp.cpp in Sources */ = {isa = PBXBuildFile; fileRef = C92685AA1621667300D4EB54 /* ximabmp.cpp */; };
		C92685CB1621667300D4EB54 /* ximabmp.h in Headers */ = {isa = PBXBuildFile; fileRef = C92685AB1621667300D4EB54 /* ximabmp.h */; };
		C92685CC1621667300D4EB54 /* ximagif.cpp in Sources */ = {isa = PBXBuildFile; fileRef = C92685AC1621667300D4EB54 /* ximagif.cpp */; };
		C92685CD1621667300D4EB54 /* ximagif.h in Headers */ = {isa = PBXBuildFile; fileRef = C92685AD1621667300D4EB54 /* ximagif.h */; };
		C92685CE1621667300D4EB54 /* ximaico.cpp in Sources */ = {isa = PBXBuildFile; fileRef = C92685AE1621667300D4EB54 /* ximaico.cpp */; };
		C92685CF1621667300D4EB54 /* ximaico.h in Headers */ = {isa = PBXBuildFile; fileRef = C92685AF1621667300D4EB54 /* ximaico.h */; };
		C92685D01621667300D4EB54 /* ximajas.cpp in Sources */ = {isa = PBXBuildFile; fileRef = C92685B01621667300D4EB54 /* ximajas.cpp */; };
		C92685D11621667300D4EB54 /* ximajas.h in Headers */ = {isa = PBXBuildFile; fileRef = C92685B11621667300D4EB54 /* ximajas.h */; };
		C92685D21621667300D4EB54 /* ximajbg.cpp in Sources */ = {isa = PBXBuildFile; fileRef = C92685B21621667300D4EB54 /* ximajbg.cpp */; };
		C92685D31621667300D4EB54 /* ximajbg.h in Headers */ = {isa = PBXBuildFile; fileRef = C92685B31621667300D4EB54 /* ximajbg.h */; };
		C92685D41621667300D4EB54 /* ximajpg.cpp in Sources */ = {isa = PBXBuildFile; fileRef = C92685B41621667300D4EB54 /* ximajpg.cpp */; };
		C92685D51621667300D4EB54 /* ximajpg.h in Headers */ = {isa = PBXBuildFile; fileRef = C92685B51621667300D4EB54 /* ximajpg.h */; };
		C92685D61621667300D4EB54 /* ximamng.cpp in Sources */ = {isa = PBXBuildFile; fileRef = C92685B61621667300D4EB54 /* ximamng.cpp */; };
		C92685D71621667300D4EB54 /* ximamng.h in Headers */ = {isa = PBXBuildFile; fileRef = C92685B71621667300D4EB54 /* ximamng.h */; };
		C92685D81621667300D4EB54 /* ximapcx.cpp in Sources */ = {isa = PBXBuildFile; fileRef = C92685B81621667300D4EB54 /* ximapcx.cpp */; };
		C92685D91621667300D4EB54 /* ximapcx.h in Headers */ = {isa = PBXBuildFile; fileRef = C92685B91621667300D4EB54 /* ximapcx.h */; };
		C92685DA1621667300D4EB54 /* ximapng.cpp in Sources */ = {isa = PBXBuildFile; fileRef = C92685BA1621667300D4EB54 /* ximapng.cpp */; };
		C92685DB1621667300D4EB54 /* ximapng.h in Headers */ = {isa = PBXBuildFile; fileRef = C92685BB1621667300D4EB54 /* ximapng.h */; };
		C92685DC1621667300D4EB54 /* ximapsd.cpp in Sources */ = {isa = PBXBuildFile; fileRef = C92685BC1621667300D4EB54 /* ximapsd.cpp */; };
		C92685DD1621667300D4EB54 /* ximapsd.h in Headers */ = {isa = PBXBuildFile; fileRef = C92685BD1621667300D4EB54 /* ximapsd.h */; };
		C92685DE1621667300D4EB54 /* ximaraw.cpp in Sources */ = {isa = PBXBuildFile; fileRef = C92685BE1621667300D4EB54 /* ximaraw.cpp */; };
		C92685DF1621667300D4EB54 /* ximaraw.h in Headers */ = {isa = PBXBuildFile; fileRef = C92685BF1621667300D4EB54 /* ximaraw.h */; };
		C92685E01621667300D4EB54 /* ximaska.cpp in Sources */ = {isa = PBXBuildFile; fileRef = C92685C01621667300D4EB54 /* ximaska.cpp */; };
		C92685E11621667300D4EB54 /* ximaska.h in Headers */ = {isa = PBXBuildFile; fileRef = C92685C11621667300D4EB54 /* ximaska.h */; };
		C92685E21621667300D4EB54 /* ximatga.cpp in Sources */ = {isa = PBXBuildFile; fileRef = C92685C21621667300D4EB54 /* ximatga.cpp */; };
		C92685E31621667300D4EB54 /* ximatga.h in Headers */ = {isa = PBXBuildFile; fileRef = C92685C31621667300D4EB54 /* ximatga.h */; };
		C92685E41621667300D4EB54 /* ximatif.cpp in Sources */ = {isa = PBXBuildFile; fileRef = C92685C41621667300D4EB54 /* ximatif.cpp */; };
		C92685E51621667300D4EB54 /* ximatif.h in Headers */ = {isa = PBXBuildFile; fileRef = C92685C51621667300D4EB54 /* ximatif.h */; };
		C92685E61621667300D4EB54 /* ximawbmp.cpp in Sources */ = {isa = PBXBuildFile; fileRef = C92685C61621667300D4EB54 /* ximawbmp.cpp */; };
		C92685E71621667300D4EB54 /* ximawbmp.h in Headers */ = {isa = PBXBuildFile; fileRef = C92685C71621667300D4EB54 /* ximawbmp.h */; };
		C92685E81621667300D4EB54 /* ximawmf.cpp in Sources */ = {isa = PBXBuildFile; fileRef = C92685C81621667300D4EB54 /* ximawmf.cpp */; };
		C92685E91621667300D4EB54 /* ximawmf.h in Headers */ = {isa = PBXBuildFile; fileRef = C92685C91621667300D4EB54 /* ximawmf.h */; };
		C935CA6C1612A6EF00C72CD1 /* Types.h in Headers */ = {isa = PBXBuildFile; fileRef = C935CA6B1612A6EE00C72CD1 /* Types.h */; };
		C9FA107A16102B9E0010C75D /* tif_xfile.cpp in Sources */ = {isa = PBXBuildFile; fileRef = C9FA104216102B9E0010C75D /* tif_xfile.cpp */; };
		C9FA107E16102B9E0010C75D /* ximacfg.h in Headers */ = {isa = PBXBuildFile; fileRef = C9FA104616102B9E0010C75D /* ximacfg.h */; };
		C9FA107F16102B9E0010C75D /* ximadef.h in Headers */ = {isa = PBXBuildFile; fileRef = C9FA104716102B9E0010C75D /* ximadef.h */; };
		C9FA108016102B9E0010C75D /* ximadsp.cpp in Sources */ = {isa = PBXBuildFile; fileRef = C9FA104816102B9E0010C75D /* ximadsp.cpp */; };
		C9FA108116102B9E0010C75D /* ximaenc.cpp in Sources */ = {isa = PBXBuildFile; fileRef = C9FA104916102B9E0010C75D /* ximaenc.cpp */; };
		C9FA108216102B9E0010C75D /* ximaexif.cpp in Sources */ = {isa = PBXBuildFile; fileRef = C9FA104A16102B9E0010C75D /* ximaexif.cpp */; };
		C9FA108316102B9E0010C75D /* ximage.cpp in Sources */ = {isa = PBXBuildFile; fileRef = C9FA104B16102B9E0010C75D /* ximage.cpp */; };
		C9FA108716102B9E0010C75D /* ximahist.cpp in Sources */ = {isa = PBXBuildFile; fileRef = C9FA104F16102B9E0010C75D /* ximahist.cpp */; };
		C9FA108A16102B9E0010C75D /* ximainfo.cpp in Sources */ = {isa = PBXBuildFile; fileRef = C9FA105216102B9E0010C75D /* ximainfo.cpp */; };
		C9FA108B16102B9E0010C75D /* ximaint.cpp in Sources */ = {isa = PBXBuildFile; fileRef = C9FA105316102B9E0010C75D /* ximaint.cpp */; };
		C9FA109316102B9E0010C75D /* ximalpha.cpp in Sources */ = {isa = PBXBuildFile; fileRef = C9FA105B16102B9E0010C75D /* ximalpha.cpp */; };
		C9FA109416102B9E0010C75D /* ximalyr.cpp in Sources */ = {isa = PBXBuildFile; fileRef = C9FA105C16102B9E0010C75D /* ximalyr.cpp */; };
		C9FA109716102B9E0010C75D /* ximapal.cpp in Sources */ = {isa = PBXBuildFile; fileRef = C9FA105F16102B9E0010C75D /* ximapal.cpp */; };
		C9FA10A016102B9E0010C75D /* ximasel.cpp in Sources */ = {isa = PBXBuildFile; fileRef = C9FA106816102B9E0010C75D /* ximasel.cpp */; };
		C9FA10A516102B9E0010C75D /* ximath.cpp in Sources */ = {isa = PBXBuildFile; fileRef = C9FA106D16102B9E0010C75D /* ximath.cpp */; };
		C9FA10A616102B9E0010C75D /* ximath.h in Headers */ = {isa = PBXBuildFile; fileRef = C9FA106E16102B9E0010C75D /* ximath.h */; };
		C9FA10A916102B9E0010C75D /* ximatran.cpp in Sources */ = {isa = PBXBuildFile; fileRef = C9FA107116102B9E0010C75D /* ximatran.cpp */; };
		C9FA10AE16102B9E0010C75D /* ximawnd.cpp in Sources */ = {isa = PBXBuildFile; fileRef = C9FA107616102B9E0010C75D /* ximawnd.cpp */; };
/* End PBXBuildFile section */

/* Begin PBXFileReference section */
		C926859E16215C5500D4EB54 /* CxFile.h */ = {isa = PBXFileReference; fileEncoding = 4; lastKnownFileType = sourcecode.c.h; name = CxFile.h; path = Source/cppimage/CxFile.h; sourceTree = "<group>"; };
		C92685A116215C6800D4EB54 /* CxImage.h */ = {isa = PBXFileReference; fileEncoding = 4; lastKnownFileType = sourcecode.c.h; name = CxImage.h; path = Source/cppimage/CxImage.h; sourceTree = "<group>"; };
		C92685A216215C6800D4EB54 /* CxIOFile.h */ = {isa = PBXFileReference; fileEncoding = 4; lastKnownFileType = sourcecode.c.h; name = CxIOFile.h; path = Source/cppimage/CxIOFile.h; sourceTree = "<group>"; };
		C92685A316215C6800D4EB54 /* CxMemFile.h */ = {isa = PBXFileReference; fileEncoding = 4; lastKnownFileType = sourcecode.c.h; name = CxMemFile.h; path = Source/cppimage/CxMemFile.h; sourceTree = "<group>"; };
		C92685A716215C8600D4EB54 /* CImageIterator.h */ = {isa = PBXFileReference; fileEncoding = 4; lastKnownFileType = sourcecode.c.h; name = CImageIterator.h; path = Source/cppimage/CImageIterator.h; sourceTree = "<group>"; };
		C92685AA1621667300D4EB54 /* ximabmp.cpp */ = {isa = PBXFileReference; fileEncoding = 4; lastKnownFileType = sourcecode.cpp.cpp; path = ximabmp.cpp; sourceTree = "<group>"; };
		C92685AB1621667300D4EB54 /* ximabmp.h */ = {isa = PBXFileReference; fileEncoding = 4; lastKnownFileType = sourcecode.c.h; path = ximabmp.h; sourceTree = "<group>"; };
		C92685AC1621667300D4EB54 /* ximagif.cpp */ = {isa = PBXFileReference; fileEncoding = 4; lastKnownFileType = sourcecode.cpp.cpp; path = ximagif.cpp; sourceTree = "<group>"; };
		C92685AD1621667300D4EB54 /* ximagif.h */ = {isa = PBXFileReference; fileEncoding = 4; lastKnownFileType = sourcecode.c.h; path = ximagif.h; sourceTree = "<group>"; };
		C92685AE1621667300D4EB54 /* ximaico.cpp */ = {isa = PBXFileReference; fileEncoding = 4; lastKnownFileType = sourcecode.cpp.cpp; path = ximaico.cpp; sourceTree = "<group>"; };
		C92685AF1621667300D4EB54 /* ximaico.h */ = {isa = PBXFileReference; fileEncoding = 4; lastKnownFileType = sourcecode.c.h; path = ximaico.h; sourceTree = "<group>"; };
		C92685B01621667300D4EB54 /* ximajas.cpp */ = {isa = PBXFileReference; fileEncoding = 4; lastKnownFileType = sourcecode.cpp.cpp; path = ximajas.cpp; sourceTree = "<group>"; };
		C92685B11621667300D4EB54 /* ximajas.h */ = {isa = PBXFileReference; fileEncoding = 4; lastKnownFileType = sourcecode.c.h; path = ximajas.h; sourceTree = "<group>"; };
		C92685B21621667300D4EB54 /* ximajbg.cpp */ = {isa = PBXFileReference; fileEncoding = 4; lastKnownFileType = sourcecode.cpp.cpp; path = ximajbg.cpp; sourceTree = "<group>"; };
		C92685B31621667300D4EB54 /* ximajbg.h */ = {isa = PBXFileReference; fileEncoding = 4; lastKnownFileType = sourcecode.c.h; path = ximajbg.h; sourceTree = "<group>"; };
		C92685B41621667300D4EB54 /* ximajpg.cpp */ = {isa = PBXFileReference; fileEncoding = 4; lastKnownFileType = sourcecode.cpp.cpp; path = ximajpg.cpp; sourceTree = "<group>"; };
		C92685B51621667300D4EB54 /* ximajpg.h */ = {isa = PBXFileReference; fileEncoding = 4; lastKnownFileType = sourcecode.c.h; path = ximajpg.h; sourceTree = "<group>"; };
		C92685B61621667300D4EB54 /* ximamng.cpp */ = {isa = PBXFileReference; fileEncoding = 4; lastKnownFileType = sourcecode.cpp.cpp; path = ximamng.cpp; sourceTree = "<group>"; };
		C92685B71621667300D4EB54 /* ximamng.h */ = {isa = PBXFileReference; fileEncoding = 4; lastKnownFileType = sourcecode.c.h; path = ximamng.h; sourceTree = "<group>"; };
		C92685B81621667300D4EB54 /* ximapcx.cpp */ = {isa = PBXFileReference; fileEncoding = 4; lastKnownFileType = sourcecode.cpp.cpp; path = ximapcx.cpp; sourceTree = "<group>"; };
		C92685B91621667300D4EB54 /* ximapcx.h */ = {isa = PBXFileReference; fileEncoding = 4; lastKnownFileType = sourcecode.c.h; path = ximapcx.h; sourceTree = "<group>"; };
		C92685BA1621667300D4EB54 /* ximapng.cpp */ = {isa = PBXFileReference; fileEncoding = 4; lastKnownFileType = sourcecode.cpp.cpp; path = ximapng.cpp; sourceTree = "<group>"; };
		C92685BB1621667300D4EB54 /* ximapng.h */ = {isa = PBXFileReference; fileEncoding = 4; lastKnownFileType = sourcecode.c.h; path = ximapng.h; sourceTree = "<group>"; };
		C92685BC1621667300D4EB54 /* ximapsd.cpp */ = {isa = PBXFileReference; fileEncoding = 4; lastKnownFileType = sourcecode.cpp.cpp; path = ximapsd.cpp; sourceTree = "<group>"; };
		C92685BD1621667300D4EB54 /* ximapsd.h */ = {isa = PBXFileReference; fileEncoding = 4; lastKnownFileType = sourcecode.c.h; path = ximapsd.h; sourceTree = "<group>"; };
		C92685BE1621667300D4EB54 /* ximaraw.cpp */ = {isa = PBXFileReference; fileEncoding = 4; lastKnownFileType = sourcecode.cpp.cpp; path = ximaraw.cpp; sourceTree = "<group>"; };
		C92685BF1621667300D4EB54 /* ximaraw.h */ = {isa = PBXFileReference; fileEncoding = 4; lastKnownFileType = sourcecode.c.h; path = ximaraw.h; sourceTree = "<group>"; };
		C92685C01621667300D4EB54 /* ximaska.cpp */ = {isa = PBXFileReference; fileEncoding = 4; lastKnownFileType = sourcecode.cpp.cpp; path = ximaska.cpp; sourceTree = "<group>"; };
		C92685C11621667300D4EB54 /* ximaska.h */ = {isa = PBXFileReference; fileEncoding = 4; lastKnownFileType = sourcecode.c.h; path = ximaska.h; sourceTree = "<group>"; };
		C92685C21621667300D4EB54 /* ximatga.cpp */ = {isa = PBXFileReference; fileEncoding = 4; lastKnownFileType = sourcecode.cpp.cpp; path = ximatga.cpp; sourceTree = "<group>"; };
		C92685C31621667300D4EB54 /* ximatga.h */ = {isa = PBXFileReference; fileEncoding = 4; lastKnownFileType = sourcecode.c.h; path = ximatga.h; sourceTree = "<group>"; };
		C92685C41621667300D4EB54 /* ximatif.cpp */ = {isa = PBXFileReference; fileEncoding = 4; lastKnownFileType = sourcecode.cpp.cpp; path = ximatif.cpp; sourceTree = "<group>"; };
		C92685C51621667300D4EB54 /* ximatif.h */ = {isa = PBXFileReference; fileEncoding = 4; lastKnownFileType = sourcecode.c.h; path = ximatif.h; sourceTree = "<group>"; };
		C92685C61621667300D4EB54 /* ximawbmp.cpp */ = {isa = PBXFileReference; fileEncoding = 4; lastKnownFileType = sourcecode.cpp.cpp; path = ximawbmp.cpp; sourceTree = "<group>"; };
		C92685C71621667300D4EB54 /* ximawbmp.h */ = {isa = PBXFileReference; fileEncoding = 4; lastKnownFileType = sourcecode.c.h; path = ximawbmp.h; sourceTree = "<group>"; };
		C92685C81621667300D4EB54 /* ximawmf.cpp */ = {isa = PBXFileReference; fileEncoding = 4; lastKnownFileType = sourcecode.cpp.cpp; path = ximawmf.cpp; sourceTree = "<group>"; };
		C92685C91621667300D4EB54 /* ximawmf.h */ = {isa = PBXFileReference; fileEncoding = 4; lastKnownFileType = sourcecode.c.h; path = ximawmf.h; sourceTree = "<group>"; };
		C935CA6B1612A6EE00C72CD1 /* Types.h */ = {isa = PBXFileReference; fileEncoding = 4; lastKnownFileType = sourcecode.c.h; name = Types.h; path = Source/cppimage/Types.h; sourceTree = "<group>"; };
		C9FA0F541610296F0010C75D /* libcppimage.a */ = {isa = PBXFileReference; explicitFileType = archive.ar; includeInIndex = 0; path = libcppimage.a; sourceTree = BUILT_PRODUCTS_DIR; };
		C9FA104216102B9E0010C75D /* tif_xfile.cpp */ = {isa = PBXFileReference; fileEncoding = 4; lastKnownFileType = sourcecode.cpp.cpp; name = tif_xfile.cpp; path = Source/cppimage/tif_xfile.cpp; sourceTree = "<group>"; };
		C9FA104616102B9E0010C75D /* ximacfg.h */ = {isa = PBXFileReference; fileEncoding = 4; lastKnownFileType = sourcecode.c.h; name = ximacfg.h; path = Source/cppimage/ximacfg.h; sourceTree = "<group>"; };
		C9FA104716102B9E0010C75D /* ximadef.h */ = {isa = PBXFileReference; fileEncoding = 4; lastKnownFileType = sourcecode.c.h; name = ximadef.h; path = Source/cppimage/ximadef.h; sourceTree = "<group>"; };
		C9FA104816102B9E0010C75D /* ximadsp.cpp */ = {isa = PBXFileReference; fileEncoding = 4; lastKnownFileType = sourcecode.cpp.cpp; name = ximadsp.cpp; path = Source/cppimage/ximadsp.cpp; sourceTree = "<group>"; };
		C9FA104916102B9E0010C75D /* ximaenc.cpp */ = {isa = PBXFileReference; fileEncoding = 4; lastKnownFileType = sourcecode.cpp.cpp; name = ximaenc.cpp; path = Source/cppimage/ximaenc.cpp; sourceTree = "<group>"; };
		C9FA104A16102B9E0010C75D /* ximaexif.cpp */ = {isa = PBXFileReference; fileEncoding = 4; lastKnownFileType = sourcecode.cpp.cpp; name = ximaexif.cpp; path = Source/cppimage/ximaexif.cpp; sourceTree = "<group>"; };
		C9FA104B16102B9E0010C75D /* ximage.cpp */ = {isa = PBXFileReference; fileEncoding = 4; lastKnownFileType = sourcecode.cpp.cpp; name = ximage.cpp; path = Source/cppimage/ximage.cpp; sourceTree = "<group>"; };
		C9FA104F16102B9E0010C75D /* ximahist.cpp */ = {isa = PBXFileReference; fileEncoding = 4; lastKnownFileType = sourcecode.cpp.cpp; name = ximahist.cpp; path = Source/cppimage/ximahist.cpp; sourceTree = "<group>"; };
		C9FA105216102B9E0010C75D /* ximainfo.cpp */ = {isa = PBXFileReference; fileEncoding = 4; lastKnownFileType = sourcecode.cpp.cpp; name = ximainfo.cpp; path = Source/cppimage/ximainfo.cpp; sourceTree = "<group>"; };
		C9FA105316102B9E0010C75D /* ximaint.cpp */ = {isa = PBXFileReference; fileEncoding = 4; lastKnownFileType = sourcecode.cpp.cpp; name = ximaint.cpp; path = Source/cppimage/ximaint.cpp; sourceTree = "<group>"; };
		C9FA105B16102B9E0010C75D /* ximalpha.cpp */ = {isa = PBXFileReference; fileEncoding = 4; lastKnownFileType = sourcecode.cpp.cpp; name = ximalpha.cpp; path = Source/cppimage/ximalpha.cpp; sourceTree = "<group>"; };
		C9FA105C16102B9E0010C75D /* ximalyr.cpp */ = {isa = PBXFileReference; fileEncoding = 4; lastKnownFileType = sourcecode.cpp.cpp; name = ximalyr.cpp; path = Source/cppimage/ximalyr.cpp; sourceTree = "<group>"; };
		C9FA105F16102B9E0010C75D /* ximapal.cpp */ = {isa = PBXFileReference; fileEncoding = 4; lastKnownFileType = sourcecode.cpp.cpp; name = ximapal.cpp; path = Source/cppimage/ximapal.cpp; sourceTree = "<group>"; };
		C9FA106816102B9E0010C75D /* ximasel.cpp */ = {isa = PBXFileReference; fileEncoding = 4; lastKnownFileType = sourcecode.cpp.cpp; name = ximasel.cpp; path = Source/cppimage/ximasel.cpp; sourceTree = "<group>"; };
		C9FA106D16102B9E0010C75D /* ximath.cpp */ = {isa = PBXFileReference; fileEncoding = 4; lastKnownFileType = sourcecode.cpp.cpp; name = ximath.cpp; path = Source/cppimage/ximath.cpp; sourceTree = "<group>"; };
		C9FA106E16102B9E0010C75D /* ximath.h */ = {isa = PBXFileReference; fileEncoding = 4; lastKnownFileType = sourcecode.c.h; name = ximath.h; path = Source/cppimage/ximath.h; sourceTree = "<group>"; };
		C9FA107116102B9E0010C75D /* ximatran.cpp */ = {isa = PBXFileReference; fileEncoding = 4; lastKnownFileType = sourcecode.cpp.cpp; name = ximatran.cpp; path = Source/cppimage/ximatran.cpp; sourceTree = "<group>"; };
		C9FA107616102B9E0010C75D /* ximawnd.cpp */ = {isa = PBXFileReference; fileEncoding = 4; lastKnownFileType = sourcecode.cpp.cpp; name = ximawnd.cpp; path = Source/cppimage/ximawnd.cpp; sourceTree = "<group>"; };
/* End PBXFileReference section */

/* Begin PBXFrameworksBuildPhase section */
		C9FA0F511610296F0010C75D /* Frameworks */ = {
			isa = PBXFrameworksBuildPhase;
			buildActionMask = 2147483647;
			files = (
			);
			runOnlyForDeploymentPostprocessing = 0;
		};
/* End PBXFrameworksBuildPhase section */

/* Begin PBXGroup section */
		C92685A91621667300D4EB54 /* formatSpecific */ = {
			isa = PBXGroup;
			children = (
				C92685AA1621667300D4EB54 /* ximabmp.cpp */,
				C92685AB1621667300D4EB54 /* ximabmp.h */,
				C92685AC1621667300D4EB54 /* ximagif.cpp */,
				C92685AD1621667300D4EB54 /* ximagif.h */,
				C92685AE1621667300D4EB54 /* ximaico.cpp */,
				C92685AF1621667300D4EB54 /* ximaico.h */,
				C92685B01621667300D4EB54 /* ximajas.cpp */,
				C92685B11621667300D4EB54 /* ximajas.h */,
				C92685B21621667300D4EB54 /* ximajbg.cpp */,
				C92685B31621667300D4EB54 /* ximajbg.h */,
				C92685B41621667300D4EB54 /* ximajpg.cpp */,
				C92685B51621667300D4EB54 /* ximajpg.h */,
				C92685B61621667300D4EB54 /* ximamng.cpp */,
				C92685B71621667300D4EB54 /* ximamng.h */,
				C92685B81621667300D4EB54 /* ximapcx.cpp */,
				C92685B91621667300D4EB54 /* ximapcx.h */,
				C92685BA1621667300D4EB54 /* ximapng.cpp */,
				C92685BB1621667300D4EB54 /* ximapng.h */,
				C92685BC1621667300D4EB54 /* ximapsd.cpp */,
				C92685BD1621667300D4EB54 /* ximapsd.h */,
				C92685BE1621667300D4EB54 /* ximaraw.cpp */,
				C92685BF1621667300D4EB54 /* ximaraw.h */,
				C92685C01621667300D4EB54 /* ximaska.cpp */,
				C92685C11621667300D4EB54 /* ximaska.h */,
				C92685C21621667300D4EB54 /* ximatga.cpp */,
				C92685C31621667300D4EB54 /* ximatga.h */,
				C92685C41621667300D4EB54 /* ximatif.cpp */,
				C92685C51621667300D4EB54 /* ximatif.h */,
				C92685C61621667300D4EB54 /* ximawbmp.cpp */,
				C92685C71621667300D4EB54 /* ximawbmp.h */,
				C92685C81621667300D4EB54 /* ximawmf.cpp */,
				C92685C91621667300D4EB54 /* ximawmf.h */,
			);
			name = formatSpecific;
			path = Source/cppimage/formatSpecific;
			sourceTree = "<group>";
		};
		C9FA0F491610296F0010C75D = {
			isa = PBXGroup;
			children = (
				C9FA0F5B1610297E0010C75D /* CppImage */,
				C9FA0F551610296F0010C75D /* Products */,
			);
			sourceTree = "<group>";
		};
		C9FA0F551610296F0010C75D /* Products */ = {
			isa = PBXGroup;
			children = (
				C9FA0F541610296F0010C75D /* libcppimage.a */,
			);
			name = Products;
			sourceTree = "<group>";
		};
		C9FA0F5B1610297E0010C75D /* CppImage */ = {
			isa = PBXGroup;
			children = (
				C92685A91621667300D4EB54 /* formatSpecific */,
				C92685A716215C8600D4EB54 /* CImageIterator.h */,
				C92685A116215C6800D4EB54 /* CxImage.h */,
				C92685A216215C6800D4EB54 /* CxIOFile.h */,
				C92685A316215C6800D4EB54 /* CxMemFile.h */,
				C926859E16215C5500D4EB54 /* CxFile.h */,
				C9FA104216102B9E0010C75D /* tif_xfile.cpp */,
				C9FA104616102B9E0010C75D /* ximacfg.h */,
				C9FA104716102B9E0010C75D /* ximadef.h */,
				C9FA104816102B9E0010C75D /* ximadsp.cpp */,
				C9FA104916102B9E0010C75D /* ximaenc.cpp */,
				C9FA104A16102B9E0010C75D /* ximaexif.cpp */,
				C9FA104B16102B9E0010C75D /* ximage.cpp */,
				C9FA104F16102B9E0010C75D /* ximahist.cpp */,
				C9FA105216102B9E0010C75D /* ximainfo.cpp */,
				C9FA105316102B9E0010C75D /* ximaint.cpp */,
				C9FA105B16102B9E0010C75D /* ximalpha.cpp */,
				C9FA105C16102B9E0010C75D /* ximalyr.cpp */,
				C9FA105F16102B9E0010C75D /* ximapal.cpp */,
				C9FA106816102B9E0010C75D /* ximasel.cpp */,
				C9FA106D16102B9E0010C75D /* ximath.cpp */,
				C9FA106E16102B9E0010C75D /* ximath.h */,
				C9FA107116102B9E0010C75D /* ximatran.cpp */,
				C9FA107616102B9E0010C75D /* ximawnd.cpp */,
				C935CA6B1612A6EE00C72CD1 /* Types.h */,
			);
			name = CppImage;
			sourceTree = "<group>";
		};
/* End PBXGroup section */

/* Begin PBXHeadersBuildPhase section */
		C9FA0F521610296F0010C75D /* Headers */ = {
			isa = PBXHeadersBuildPhase;
			buildActionMask = 2147483647;
			files = (
				C9FA107E16102B9E0010C75D /* ximacfg.h in Headers */,
				C9FA107F16102B9E0010C75D /* ximadef.h in Headers */,
				C9FA10A616102B9E0010C75D /* ximath.h in Headers */,
				C935CA6C1612A6EF00C72CD1 /* Types.h in Headers */,
				C926859F16215C5500D4EB54 /* CxFile.h in Headers */,
				C92685A416215C6800D4EB54 /* CxImage.h in Headers */,
				C92685A516215C6800D4EB54 /* CxIOFile.h in Headers */,
				C92685A616215C6800D4EB54 /* CxMemFile.h in Headers */,
				C92685A816215C8600D4EB54 /* CImageIterator.h in Headers */,
				C92685CB1621667300D4EB54 /* ximabmp.h in Headers */,
				C92685CD1621667300D4EB54 /* ximagif.h in Headers */,
				C92685CF1621667300D4EB54 /* ximaico.h in Headers */,
				C92685D11621667300D4EB54 /* ximajas.h in Headers */,
				C92685D31621667300D4EB54 /* ximajbg.h in Headers */,
				C92685D51621667300D4EB54 /* ximajpg.h in Headers */,
				C92685D71621667300D4EB54 /* ximamng.h in Headers */,
				C92685D91621667300D4EB54 /* ximapcx.h in Headers */,
				C92685DB1621667300D4EB54 /* ximapng.h in Headers */,
				C92685DD1621667300D4EB54 /* ximapsd.h in Headers */,
				C92685DF1621667300D4EB54 /* ximaraw.h in Headers */,
				C92685E11621667300D4EB54 /* ximaska.h in Headers */,
				C92685E31621667300D4EB54 /* ximatga.h in Headers */,
				C92685E51621667300D4EB54 /* ximatif.h in Headers */,
				C92685E71621667300D4EB54 /* ximawbmp.h in Headers */,
				C92685E91621667300D4EB54 /* ximawmf.h in Headers */,
			);
			runOnlyForDeploymentPostprocessing = 0;
		};
/* End PBXHeadersBuildPhase section */

/* Begin PBXNativeTarget section */
		C9FA0F531610296F0010C75D /* cppimage */ = {
			isa = PBXNativeTarget;
			buildConfigurationList = C9FA0F581610296F0010C75D /* Build configuration list for PBXNativeTarget "cppimage" */;
			buildPhases = (
				C9FA0F501610296F0010C75D /* Sources */,
				C9FA0F511610296F0010C75D /* Frameworks */,
				C9FA0F521610296F0010C75D /* Headers */,
			);
			buildRules = (
			);
			dependencies = (
			);
			name = cppimage;
			productName = cppimage;
			productReference = C9FA0F541610296F0010C75D /* libcppimage.a */;
			productType = "com.apple.product-type.library.static";
		};
/* End PBXNativeTarget section */

/* Begin PBXProject section */
		C9FA0F4B1610296F0010C75D /* Project object */ = {
			isa = PBXProject;
			attributes = {
				LastUpgradeCheck = 0440;
				ORGANIZATIONNAME = "Graham Pentheny";
			};
			buildConfigurationList = C9FA0F4E1610296F0010C75D /* Build configuration list for PBXProject "cppimage" */;
			compatibilityVersion = "Xcode 3.2";
			developmentRegion = English;
			hasScannedForEncodings = 0;
			knownRegions = (
				en,
			);
			mainGroup = C9FA0F491610296F0010C75D;
			productRefGroup = C9FA0F551610296F0010C75D /* Products */;
			projectDirPath = "";
			projectRoot = "";
			targets = (
				C9FA0F531610296F0010C75D /* cppimage */,
			);
		};
/* End PBXProject section */

/* Begin PBXSourcesBuildPhase section */
		C9FA0F501610296F0010C75D /* Sources */ = {
			isa = PBXSourcesBuildPhase;
			buildActionMask = 2147483647;
			files = (
				C9FA107A16102B9E0010C75D /* tif_xfile.cpp in Sources */,
				C9FA108016102B9E0010C75D /* ximadsp.cpp in Sources */,
				C9FA108116102B9E0010C75D /* ximaenc.cpp in Sources */,
				C9FA108216102B9E0010C75D /* ximaexif.cpp in Sources */,
				C9FA108316102B9E0010C75D /* ximage.cpp in Sources */,
				C9FA108716102B9E0010C75D /* ximahist.cpp in Sources */,
				C9FA108A16102B9E0010C75D /* ximainfo.cpp in Sources */,
				C9FA108B16102B9E0010C75D /* ximaint.cpp in Sources */,
				C9FA109316102B9E0010C75D /* ximalpha.cpp in Sources */,
				C9FA109416102B9E0010C75D /* ximalyr.cpp in Sources */,
				C9FA109716102B9E0010C75D /* ximapal.cpp in Sources */,
				C9FA10A016102B9E0010C75D /* ximasel.cpp in Sources */,
				C9FA10A516102B9E0010C75D /* ximath.cpp in Sources */,
				C9FA10A916102B9E0010C75D /* ximatran.cpp in Sources */,
				C9FA10AE16102B9E0010C75D /* ximawnd.cpp in Sources */,
				C92685CA1621667300D4EB54 /* ximabmp.cpp in Sources */,
				C92685CC1621667300D4EB54 /* ximagif.cpp in Sources */,
				C92685CE1621667300D4EB54 /* ximaico.cpp in Sources */,
				C92685D01621667300D4EB54 /* ximajas.cpp in Sources */,
				C92685D21621667300D4EB54 /* ximajbg.cpp in Sources */,
				C92685D41621667300D4EB54 /* ximajpg.cpp in Sources */,
				C92685D61621667300D4EB54 /* ximamng.cpp in Sources */,
				C92685D81621667300D4EB54 /* ximapcx.cpp in Sources */,
				C92685DA1621667300D4EB54 /* ximapng.cpp in Sources */,
				C92685DC1621667300D4EB54 /* ximapsd.cpp in Sources */,
				C92685DE1621667300D4EB54 /* ximaraw.cpp in Sources */,
				C92685E01621667300D4EB54 /* ximaska.cpp in Sources */,
				C92685E21621667300D4EB54 /* ximatga.cpp in Sources */,
				C92685E41621667300D4EB54 /* ximatif.cpp in Sources */,
				C92685E61621667300D4EB54 /* ximawbmp.cpp in Sources */,
				C92685E81621667300D4EB54 /* ximawmf.cpp in Sources */,
			);
			runOnlyForDeploymentPostprocessing = 0;
		};
/* End PBXSourcesBuildPhase section */

/* Begin XCBuildConfiguration section */
		C9FA0F561610296F0010C75D /* Debug */ = {
			isa = XCBuildConfiguration;
			buildSettings = {
				ALWAYS_SEARCH_USER_PATHS = NO;
				ARCHS = "$(ARCHS_STANDARD_64_BIT)";
				CLANG_CXX_LANGUAGE_STANDARD = "gnu++0x";
				CLANG_WARN__DUPLICATE_METHOD_MATCH = YES;
				COPY_PHASE_STRIP = NO;
				GCC_C_LANGUAGE_STANDARD = gnu99;
				GCC_DYNAMIC_NO_PIC = NO;
				GCC_ENABLE_OBJC_EXCEPTIONS = YES;
				GCC_OPTIMIZATION_LEVEL = 0;
				GCC_PREPROCESSOR_DEFINITIONS = (
					"DEBUG=1",
					"$(inherited)",
				);
				GCC_SYMBOLS_PRIVATE_EXTERN = NO;
				GCC_WARN_64_TO_32_BIT_CONVERSION = YES;
				GCC_WARN_ABOUT_RETURN_TYPE = YES;
				GCC_WARN_UNINITIALIZED_AUTOS = YES;
				GCC_WARN_UNUSED_VARIABLE = YES;
				MACOSX_DEPLOYMENT_TARGET = 10.8;
				ONLY_ACTIVE_ARCH = YES;
				SDKROOT = macosx;
			};
			name = Debug;
		};
		C9FA0F571610296F0010C75D /* Release */ = {
			isa = XCBuildConfiguration;
			buildSettings = {
				ALWAYS_SEARCH_USER_PATHS = NO;
				ARCHS = "$(ARCHS_STANDARD_64_BIT)";
				CLANG_CXX_LANGUAGE_STANDARD = "gnu++0x";
				CLANG_WARN__DUPLICATE_METHOD_MATCH = YES;
				COPY_PHASE_STRIP = YES;
				DEBUG_INFORMATION_FORMAT = "dwarf-with-dsym";
				GCC_C_LANGUAGE_STANDARD = gnu99;
				GCC_ENABLE_OBJC_EXCEPTIONS = YES;
				GCC_WARN_64_TO_32_BIT_CONVERSION = YES;
				GCC_WARN_ABOUT_RETURN_TYPE = YES;
				GCC_WARN_UNINITIALIZED_AUTOS = YES;
				GCC_WARN_UNUSED_VARIABLE = YES;
				MACOSX_DEPLOYMENT_TARGET = 10.8;
				SDKROOT = macosx;
			};
			name = Release;
		};
		C9FA0F591610296F0010C75D /* Debug */ = {
			isa = XCBuildConfiguration;
			buildSettings = {
				EXECUTABLE_PREFIX = lib;
				PRODUCT_NAME = "$(TARGET_NAME)";
			};
			name = Debug;
		};
		C9FA0F5A1610296F0010C75D /* Release */ = {
			isa = XCBuildConfiguration;
			buildSettings = {
				EXECUTABLE_PREFIX = lib;
				PRODUCT_NAME = "$(TARGET_NAME)";
			};
			name = Release;
		};
/* End XCBuildConfiguration section */

/* Begin XCConfigurationList section */
		C9FA0F4E1610296F0010C75D /* Build configuration list for PBXProject "cppimage" */ = {
			isa = XCConfigurationList;
			buildConfigurations = (
				C9FA0F561610296F0010C75D /* Debug */,
				C9FA0F571610296F0010C75D /* Release */,
			);
			defaultConfigurationIsVisible = 0;
			defaultConfigurationName = Release;
		};
		C9FA0F581610296F0010C75D /* Build configuration list for PBXNativeTarget "cppimage" */ = {
			isa = XCConfigurationList;
			buildConfigurations = (
				C9FA0F591610296F0010C75D /* Debug */,
				C9FA0F5A1610296F0010C75D /* Release */,
			);
			defaultConfigurationIsVisible = 0;
			defaultConfigurationName = Release;
		};
/* End XCConfigurationList section */
	};
	rootObject = C9FA0F4B1610296F0010C75D /* Project object */;
}
